
Microsoft Visual Studio Solution File, Format Version 12.00
# Visual Studio Version 17
VisualStudioVersion = 17.13.35818.85 d17.13
MinimumVisualStudioVersion = 10.0.40219.1
Project("{FAE04EC0-301F-11D3-BF4B-00C04F79EFBC}") = "study36", "study36\study36.csproj", "{BB2D1B8E-A630-4478-A7EA-5BF075C362E6}"
EndProject
Global
	GlobalSection(SolutionConfigurationPlatforms) = preSolution
		Debug|Any CPU = Debug|Any CPU
		Release|Any CPU = Release|Any CPU
	EndGlobalSection
	GlobalSection(ProjectConfigurationPlatforms) = postSolution
		{BB2D1B8E-A630-4478-A7EA-5BF075C362E6}.Debug|Any CPU.ActiveCfg = Debug|Any CPU
		{BB2D1B8E-A630-4478-A7EA-5BF075C362E6}.Debug|Any CPU.Build.0 = Debug|Any CPU
		{BB2D1B8E-A630-4478-A7EA-5BF075C362E6}.Release|Any CPU.ActiveCfg = Release|Any CPU
		{BB2D1B8E-A630-4478-A7EA-5BF075C362E6}.Release|Any CPU.Build.0 = Release|Any CPU
	EndGlobalSection
	GlobalSection(SolutionProperties) = preSolution
		HideSolutionNode = FALSE
	EndGlobalSection
	GlobalSection(ExtensibilityGlobals) = postSolution
		SolutionGuid = {03A38981-83DC-44D7-A988-94D6B7F7B815}
	EndGlobalSection
EndGlobal
