
Microsoft Visual Studio Solution File, Format Version 12.00
# Visual Studio Version 17
VisualStudioVersion = 17.13.35818.85 d17.13
MinimumVisualStudioVersion = 10.0.40219.1
Project("{FAE04EC0-301F-11D3-BF4B-00C04F79EFBC}") = "study25", "study25\study25.csproj", "{1B2FF55E-6FCE-456C-9E62-4CA8899269BD}"
EndProject
Global
	GlobalSection(SolutionConfigurationPlatforms) = preSolution
		Debug|Any CPU = Debug|Any CPU
		Release|Any CPU = Release|Any CPU
	EndGlobalSection
	GlobalSection(ProjectConfigurationPlatforms) = postSolution
		{1B2FF55E-6FCE-456C-9E62-4CA8899269BD}.Debug|Any CPU.ActiveCfg = Debug|Any CPU
		{1B2FF55E-6FCE-456C-9E62-4CA8899269BD}.Debug|Any CPU.Build.0 = Debug|Any CPU
		{1B2FF55E-6FCE-456C-9E62-4CA8899269BD}.Release|Any CPU.ActiveCfg = Release|Any CPU
		{1B2FF55E-6FCE-456C-9E62-4CA8899269BD}.Release|Any CPU.Build.0 = Release|Any CPU
	EndGlobalSection
	GlobalSection(SolutionProperties) = preSolution
		HideSolutionNode = FALSE
	EndGlobalSection
	GlobalSection(ExtensibilityGlobals) = postSolution
		SolutionGuid = {7B5DA371-3BE8-4A99-9AB2-ED437EC7679E}
	EndGlobalSection
EndGlobal
