
Microsoft Visual Studio Solution File, Format Version 12.00
# Visual Studio Version 17
VisualStudioVersion = 17.13.35818.85 d17.13
MinimumVisualStudioVersion = 10.0.40219.1
Project("{FAE04EC0-301F-11D3-BF4B-00C04F79EFBC}") = "study10", "study10\study10.csproj", "{558F86D7-2901-4ABB-927C-71939416C09A}"
EndProject
Global
	GlobalSection(SolutionConfigurationPlatforms) = preSolution
		Debug|Any CPU = Debug|Any CPU
		Release|Any CPU = Release|Any CPU
	EndGlobalSection
	GlobalSection(ProjectConfigurationPlatforms) = postSolution
		{558F86D7-2901-4ABB-927C-71939416C09A}.Debug|Any CPU.ActiveCfg = Debug|Any CPU
		{558F86D7-2901-4ABB-927C-71939416C09A}.Debug|Any CPU.Build.0 = Debug|Any CPU
		{558F86D7-2901-4ABB-927C-71939416C09A}.Release|Any CPU.ActiveCfg = Release|Any CPU
		{558F86D7-2901-4ABB-927C-71939416C09A}.Release|Any CPU.Build.0 = Release|Any CPU
	EndGlobalSection
	GlobalSection(SolutionProperties) = preSolution
		HideSolutionNode = FALSE
	EndGlobalSection
	GlobalSection(ExtensibilityGlobals) = postSolution
		SolutionGuid = {A8D20818-122D-4862-93E0-88F6DDA8D314}
	EndGlobalSection
EndGlobal
