
Microsoft Visual Studio Solution File, Format Version 12.00
# Visual Studio Version 17
VisualStudioVersion = 17.13.35818.85 d17.13
MinimumVisualStudioVersion = 10.0.40219.1
Project("{FAE04EC0-301F-11D3-BF4B-00C04F79EFBC}") = "Loading", "Loading\Loading.csproj", "{F8B8C484-D455-4AFD-BA8A-C94FCAEC5B3F}"
EndProject
Global
	GlobalSection(SolutionConfigurationPlatforms) = preSolution
		Debug|Any CPU = Debug|Any CPU
		Release|Any CPU = Release|Any CPU
	EndGlobalSection
	GlobalSection(ProjectConfigurationPlatforms) = postSolution
		{F8B8C484-D455-4AFD-BA8A-C94FCAEC5B3F}.Debug|Any CPU.ActiveCfg = Debug|Any CPU
		{F8B8C484-D455-4AFD-BA8A-C94FCAEC5B3F}.Debug|Any CPU.Build.0 = Debug|Any CPU
		{F8B8C484-D455-4AFD-BA8A-C94FCAEC5B3F}.Release|Any CPU.ActiveCfg = Release|Any CPU
		{F8B8C484-D455-4AFD-BA8A-C94FCAEC5B3F}.Release|Any CPU.Build.0 = Release|Any CPU
	EndGlobalSection
	GlobalSection(SolutionProperties) = preSolution
		HideSolutionNode = FALSE
	EndGlobalSection
	GlobalSection(ExtensibilityGlobals) = postSolution
		SolutionGuid = {EA5D7F3A-6A7E-4353-BAB4-FE4881D440BC}
	EndGlobalSection
EndGlobal
