
Microsoft Visual Studio Solution File, Format Version 12.00
# Visual Studio Version 17
VisualStudioVersion = 17.13.35818.85 d17.13
MinimumVisualStudioVersion = 10.0.40219.1
Project("{FAE04EC0-301F-11D3-BF4B-00C04F79EFBC}") = "study33", "study33\study33.csproj", "{0F8DC909-04E9-4B8C-AA51-9198AE96B5E5}"
EndProject
Global
	GlobalSection(SolutionConfigurationPlatforms) = preSolution
		Debug|Any CPU = Debug|Any CPU
		Release|Any CPU = Release|Any CPU
	EndGlobalSection
	GlobalSection(ProjectConfigurationPlatforms) = postSolution
		{0F8DC909-04E9-4B8C-AA51-9198AE96B5E5}.Debug|Any CPU.ActiveCfg = Debug|Any CPU
		{0F8DC909-04E9-4B8C-AA51-9198AE96B5E5}.Debug|Any CPU.Build.0 = Debug|Any CPU
		{0F8DC909-04E9-4B8C-AA51-9198AE96B5E5}.Release|Any CPU.ActiveCfg = Release|Any CPU
		{0F8DC909-04E9-4B8C-AA51-9198AE96B5E5}.Release|Any CPU.Build.0 = Release|Any CPU
	EndGlobalSection
	GlobalSection(SolutionProperties) = preSolution
		HideSolutionNode = FALSE
	EndGlobalSection
	GlobalSection(ExtensibilityGlobals) = postSolution
		SolutionGuid = {AEAB3D93-76BB-49CC-BC74-53339A84468E}
	EndGlobalSection
EndGlobal
