
Microsoft Visual Studio Solution File, Format Version 12.00
# Visual Studio Version 17
VisualStudioVersion = 17.13.35818.85 d17.13
MinimumVisualStudioVersion = 10.0.40219.1
Project("{FAE04EC0-301F-11D3-BF4B-00C04F79EFBC}") = "Task_03_05LOL", "Task_03_05LOL\Task_03_05LOL.csproj", "{BEB56C89-C402-4A6A-8E5E-7F82FF0E5070}"
EndProject
Global
	GlobalSection(SolutionConfigurationPlatforms) = preSolution
		Debug|Any CPU = Debug|Any CPU
		Release|Any CPU = Release|Any CPU
	EndGlobalSection
	GlobalSection(ProjectConfigurationPlatforms) = postSolution
		{BEB56C89-C402-4A6A-8E5E-7F82FF0E5070}.Debug|Any CPU.ActiveCfg = Debug|Any CPU
		{BEB56C89-C402-4A6A-8E5E-7F82FF0E5070}.Debug|Any CPU.Build.0 = Debug|Any CPU
		{BEB56C89-C402-4A6A-8E5E-7F82FF0E5070}.Release|Any CPU.ActiveCfg = Release|Any CPU
		{BEB56C89-C402-4A6A-8E5E-7F82FF0E5070}.Release|Any CPU.Build.0 = Release|Any CPU
	EndGlobalSection
	GlobalSection(SolutionProperties) = preSolution
		HideSolutionNode = FALSE
	EndGlobalSection
	GlobalSection(ExtensibilityGlobals) = postSolution
		SolutionGuid = {C1CA1AA7-EBBE-4DC7-A974-BAD6EE9D8819}
	EndGlobalSection
EndGlobal
