
Microsoft Visual Studio Solution File, Format Version 12.00
# Visual Studio Version 17
VisualStudioVersion = 17.13.35818.85 d17.13
MinimumVisualStudioVersion = 10.0.40219.1
Project("{FAE04EC0-301F-11D3-BF4B-00C04F79EFBC}") = "SkillSystemStudy", "SkillSystemStudy\SkillSystemStudy.csproj", "{33EEC251-504D-43F7-81E2-3BFB90EA555F}"
EndProject
Global
	GlobalSection(SolutionConfigurationPlatforms) = preSolution
		Debug|Any CPU = Debug|Any CPU
		Release|Any CPU = Release|Any CPU
	EndGlobalSection
	GlobalSection(ProjectConfigurationPlatforms) = postSolution
		{33EEC251-504D-43F7-81E2-3BFB90EA555F}.Debug|Any CPU.ActiveCfg = Debug|Any CPU
		{33EEC251-504D-43F7-81E2-3BFB90EA555F}.Debug|Any CPU.Build.0 = Debug|Any CPU
		{33EEC251-504D-43F7-81E2-3BFB90EA555F}.Release|Any CPU.ActiveCfg = Release|Any CPU
		{33EEC251-504D-43F7-81E2-3BFB90EA555F}.Release|Any CPU.Build.0 = Release|Any CPU
	EndGlobalSection
	GlobalSection(SolutionProperties) = preSolution
		HideSolutionNode = FALSE
	EndGlobalSection
	GlobalSection(ExtensibilityGlobals) = postSolution
		SolutionGuid = {58E1BC56-60F6-4C9D-868F-077239C37B7A}
	EndGlobalSection
EndGlobal
