
Microsoft Visual Studio Solution File, Format Version 12.00
# Visual Studio Version 17
VisualStudioVersion = 17.13.35818.85 d17.13
MinimumVisualStudioVersion = 10.0.40219.1
Project("{FAE04EC0-301F-11D3-BF4B-00C04F79EFBC}") = "Task_03_04", "Task_03_04\Task_03_04.csproj", "{2B3C0E6D-A301-498B-BC89-AF5A84D17B6E}"
EndProject
Global
	GlobalSection(SolutionConfigurationPlatforms) = preSolution
		Debug|Any CPU = Debug|Any CPU
		Release|Any CPU = Release|Any CPU
	EndGlobalSection
	GlobalSection(ProjectConfigurationPlatforms) = postSolution
		{2B3C0E6D-A301-498B-BC89-AF5A84D17B6E}.Debug|Any CPU.ActiveCfg = Debug|Any CPU
		{2B3C0E6D-A301-498B-BC89-AF5A84D17B6E}.Debug|Any CPU.Build.0 = Debug|Any CPU
		{2B3C0E6D-A301-498B-BC89-AF5A84D17B6E}.Release|Any CPU.ActiveCfg = Release|Any CPU
		{2B3C0E6D-A301-498B-BC89-AF5A84D17B6E}.Release|Any CPU.Build.0 = Release|Any CPU
	EndGlobalSection
	GlobalSection(SolutionProperties) = preSolution
		HideSolutionNode = FALSE
	EndGlobalSection
	GlobalSection(ExtensibilityGlobals) = postSolution
		SolutionGuid = {0CD2FF47-3A12-4056-8FBB-F4DB58B593E5}
	EndGlobalSection
EndGlobal
