
Microsoft Visual Studio Solution File, Format Version 12.00
# Visual Studio Version 17
VisualStudioVersion = 17.13.35818.85 d17.13
MinimumVisualStudioVersion = 10.0.40219.1
Project("{FAE04EC0-301F-11D3-BF4B-00C04F79EFBC}") = "Task_02_25", "Task_02_25\Task_02_25.csproj", "{A2399AF9-2CD5-4BD0-9D06-442BD4ADC68C}"
EndProject
Global
	GlobalSection(SolutionConfigurationPlatforms) = preSolution
		Debug|Any CPU = Debug|Any CPU
		Release|Any CPU = Release|Any CPU
	EndGlobalSection
	GlobalSection(ProjectConfigurationPlatforms) = postSolution
		{A2399AF9-2CD5-4BD0-9D06-442BD4ADC68C}.Debug|Any CPU.ActiveCfg = Debug|Any CPU
		{A2399AF9-2CD5-4BD0-9D06-442BD4ADC68C}.Debug|Any CPU.Build.0 = Debug|Any CPU
		{A2399AF9-2CD5-4BD0-9D06-442BD4ADC68C}.Release|Any CPU.ActiveCfg = Release|Any CPU
		{A2399AF9-2CD5-4BD0-9D06-442BD4ADC68C}.Release|Any CPU.Build.0 = Release|Any CPU
	EndGlobalSection
	GlobalSection(SolutionProperties) = preSolution
		HideSolutionNode = FALSE
	EndGlobalSection
	GlobalSection(ExtensibilityGlobals) = postSolution
		SolutionGuid = {B21C64D9-76BB-428E-B4EF-3EF008A94222}
	EndGlobalSection
EndGlobal
