
Microsoft Visual Studio Solution File, Format Version 12.00
# Visual Studio Version 17
VisualStudioVersion = 17.13.35818.85 d17.13
MinimumVisualStudioVersion = 10.0.40219.1
Project("{FAE04EC0-301F-11D3-BF4B-00C04F79EFBC}") = "study19", "study19\study19.csproj", "{8CCCBE11-D5B3-4BCA-87DA-8C7FB1164835}"
EndProject
Global
	GlobalSection(SolutionConfigurationPlatforms) = preSolution
		Debug|Any CPU = Debug|Any CPU
		Release|Any CPU = Release|Any CPU
	EndGlobalSection
	GlobalSection(ProjectConfigurationPlatforms) = postSolution
		{8CCCBE11-D5B3-4BCA-87DA-8C7FB1164835}.Debug|Any CPU.ActiveCfg = Debug|Any CPU
		{8CCCBE11-D5B3-4BCA-87DA-8C7FB1164835}.Debug|Any CPU.Build.0 = Debug|Any CPU
		{8CCCBE11-D5B3-4BCA-87DA-8C7FB1164835}.Release|Any CPU.ActiveCfg = Release|Any CPU
		{8CCCBE11-D5B3-4BCA-87DA-8C7FB1164835}.Release|Any CPU.Build.0 = Release|Any CPU
	EndGlobalSection
	GlobalSection(SolutionProperties) = preSolution
		HideSolutionNode = FALSE
	EndGlobalSection
	GlobalSection(ExtensibilityGlobals) = postSolution
		SolutionGuid = {3E27FB68-F150-4010-8B70-D4603B1847B0}
	EndGlobalSection
EndGlobal
