
Microsoft Visual Studio Solution File, Format Version 12.00
# Visual Studio Version 17
VisualStudioVersion = 17.13.35818.85 d17.13
MinimumVisualStudioVersion = 10.0.40219.1
Project("{FAE04EC0-301F-11D3-BF4B-00C04F79EFBC}") = "study9", "study9\study9.csproj", "{FB437110-24F4-4780-B8B9-171CC1B12CA6}"
EndProject
Global
	GlobalSection(SolutionConfigurationPlatforms) = preSolution
		Debug|Any CPU = Debug|Any CPU
		Release|Any CPU = Release|Any CPU
	EndGlobalSection
	GlobalSection(ProjectConfigurationPlatforms) = postSolution
		{FB437110-24F4-4780-B8B9-171CC1B12CA6}.Debug|Any CPU.ActiveCfg = Debug|Any CPU
		{FB437110-24F4-4780-B8B9-171CC1B12CA6}.Debug|Any CPU.Build.0 = Debug|Any CPU
		{FB437110-24F4-4780-B8B9-171CC1B12CA6}.Release|Any CPU.ActiveCfg = Release|Any CPU
		{FB437110-24F4-4780-B8B9-171CC1B12CA6}.Release|Any CPU.Build.0 = Release|Any CPU
	EndGlobalSection
	GlobalSection(SolutionProperties) = preSolution
		HideSolutionNode = FALSE
	EndGlobalSection
	GlobalSection(ExtensibilityGlobals) = postSolution
		SolutionGuid = {87202B02-49F6-4517-AA6E-9F76989B0A2D}
	EndGlobalSection
EndGlobal
